
Microsoft Visual Studio Solution File, Format Version 12.00
# Visual Studio Version 18
VisualStudioVersion = 18.0.11222.15 d18.0
MinimumVisualStudioVersion = 10.0.40219.1
Project("{FAE04EC0-301F-11D3-BF4B-00C04F79EFBC}") = "ArcExtension", "ArcExtension\ArcExtension.csproj", "{5D8E6A87-A37F-47E8-9A6B-9D7B397163C4}"
EndProject
Project("{FAE04EC0-301F-11D3-BF4B-00C04F79EFBC}") = "ArcAnalyzer", "ArcAnalyzer\ArcAnalyzer.csproj", "{4C9AD4BD-A0A6-48D0-825C-2889897AF67E}"
EndProject
Global
	GlobalSection(SolutionConfigurationPlatforms) = preSolution
		Debug|Any CPU = Debug|Any CPU
		Release|Any CPU = Release|Any CPU
	EndGlobalSection
	GlobalSection(ProjectConfigurationPlatforms) = postSolution
		{5D8E6A87-A37F-47E8-9A6B-9D7B397163C4}.Debug|Any CPU.ActiveCfg = Debug|Any CPU
		{5D8E6A87-A37F-47E8-9A6B-9D7B397163C4}.Debug|Any CPU.Build.0 = Debug|Any CPU
		{5D8E6A87-A37F-47E8-9A6B-9D7B397163C4}.Release|Any CPU.ActiveCfg = Release|Any CPU
		{5D8E6A87-A37F-47E8-9A6B-9D7B397163C4}.Release|Any CPU.Build.0 = Release|Any CPU
		{4C9AD4BD-A0A6-48D0-825C-2889897AF67E}.Debug|Any CPU.ActiveCfg = Debug|Any CPU
		{4C9AD4BD-A0A6-48D0-825C-2889897AF67E}.Debug|Any CPU.Build.0 = Debug|Any CPU
		{4C9AD4BD-A0A6-48D0-825C-2889897AF67E}.Release|Any CPU.ActiveCfg = Release|Any CPU
		{4C9AD4BD-A0A6-48D0-825C-2889897AF67E}.Release|Any CPU.Build.0 = Release|Any CPU
	EndGlobalSection
	GlobalSection(SolutionProperties) = preSolution
		HideSolutionNode = FALSE
	EndGlobalSection
	GlobalSection(ExtensibilityGlobals) = postSolution
		SolutionGuid = {6437691E-7D06-4F17-9D41-192C3B691B97}
	EndGlobalSection
EndGlobal
